{
  "name": "workspace",
  "lockfileVersion": 3,
  "requires": true,
  "packages": {
    "": {
      "dependencies": {
        "ai-labs-claude-skills": "^2.0.1"
      }
    },
    "node_modules/ai-labs-claude-skills": {
      "version": "2.0.1",
      "resolved": "http://mirrors.tencentyun.com/npm/ai-labs-claude-skills/-/ai-labs-claude-skills-2.0.1.tgz",
      "integrity": "sha512-QYJftx5hspD3g01O7CUylHXli0L5dvMHGXkV5sM30ebhXPjJdoiAqcNopRgArzINVg6hf9cXZQ3qlT1rLWkw/w==",
      "hasInstallScript": true,
      "license": "MIT",
      "workspaces": [
        "packages/skills/*"
      ]
    }
  }
}
